
Microsoft Visual Studio Solution File, Format Version 12.00
# Visual Studio Version 16
VisualStudioVersion = 16.0.29709.97
MinimumVisualStudioVersion = 10.0.40219.1
Project("{FAE04EC0-301F-11D3-BF4B-00C04F79EFBC}") = "OverpaymentAPI", "OverpaymentAPI\OverpaymentAPI.csproj", "{83D4E062-3FA9-43CF-B8EC-E5515C23A87A}"
EndProject
Global
	GlobalSection(SolutionConfigurationPlatforms) = preSolution
		Debug|Any CPU = Debug|Any CPU
		Release|Any CPU = Release|Any CPU
	EndGlobalSection
	GlobalSection(ProjectConfigurationPlatforms) = postSolution
		{83D4E062-3FA9-43CF-B8EC-E5515C23A87A}.Debug|Any CPU.ActiveCfg = Debug|Any CPU
		{83D4E062-3FA9-43CF-B8EC-E5515C23A87A}.Debug|Any CPU.Build.0 = Debug|Any CPU
		{83D4E062-3FA9-43CF-B8EC-E5515C23A87A}.Release|Any CPU.ActiveCfg = Release|Any CPU
		{83D4E062-3FA9-43CF-B8EC-E5515C23A87A}.Release|Any CPU.Build.0 = Release|Any CPU
	EndGlobalSection
	GlobalSection(SolutionProperties) = preSolution
		HideSolutionNode = FALSE
	EndGlobalSection
	GlobalSection(ExtensibilityGlobals) = postSolution
		SolutionGuid = {9C46BFCC-BE74-422A-AA94-47A1489565E3}
	EndGlobalSection
EndGlobal
